
Microsoft Visual Studio Solution File, Format Version 12.00
# Visual Studio Version 16
VisualStudioVersion = 16.0.30002.166
MinimumVisualStudioVersion = 10.0.40219.1
Project("{FAE04EC0-301F-11D3-BF4B-00C04F79EFBC}") = "CF.TradeNetter", "CF.TradeNetter\CF.TradeNetter.csproj", "{23CB521F-0B0D-483D-9719-30E93B3179E7}"
EndProject
Project("{FAE04EC0-301F-11D3-BF4B-00C04F79EFBC}") = "CF.TradeNetter.Test", "CF.TradeNetter.Test\CF.TradeNetter.Test.csproj", "{AE657BCA-947A-4E63-B470-CCEBBA849D96}"
EndProject
Global
	GlobalSection(SolutionConfigurationPlatforms) = preSolution
		Debug|Any CPU = Debug|Any CPU
		Release|Any CPU = Release|Any CPU
	EndGlobalSection
	GlobalSection(ProjectConfigurationPlatforms) = postSolution
		{23CB521F-0B0D-483D-9719-30E93B3179E7}.Debug|Any CPU.ActiveCfg = Debug|Any CPU
		{23CB521F-0B0D-483D-9719-30E93B3179E7}.Debug|Any CPU.Build.0 = Debug|Any CPU
		{23CB521F-0B0D-483D-9719-30E93B3179E7}.Release|Any CPU.ActiveCfg = Release|Any CPU
		{23CB521F-0B0D-483D-9719-30E93B3179E7}.Release|Any CPU.Build.0 = Release|Any CPU
		{AE657BCA-947A-4E63-B470-CCEBBA849D96}.Debug|Any CPU.ActiveCfg = Debug|Any CPU
		{AE657BCA-947A-4E63-B470-CCEBBA849D96}.Debug|Any CPU.Build.0 = Debug|Any CPU
		{AE657BCA-947A-4E63-B470-CCEBBA849D96}.Release|Any CPU.ActiveCfg = Release|Any CPU
		{AE657BCA-947A-4E63-B470-CCEBBA849D96}.Release|Any CPU.Build.0 = Release|Any CPU
	EndGlobalSection
	GlobalSection(SolutionProperties) = preSolution
		HideSolutionNode = FALSE
	EndGlobalSection
	GlobalSection(ExtensibilityGlobals) = postSolution
		SolutionGuid = {3D15B504-F0A1-44BD-AFF2-70D347ED72B2}
	EndGlobalSection
EndGlobal
